
Microsoft Visual Studio Solution File, Format Version 12.00
# Visual Studio 2013
VisualStudioVersion = 12.0.31101.0
MinimumVisualStudioVersion = 10.0.40219.1
Project("{FAE04EC0-301F-11D3-BF4B-00C04F79EFBC}") = "ReleaseNotesCompiler", "Compiler\ReleaseNotesCompiler.csproj", "{B02A026E-CA3A-48F4-BBA9-EB337B0A2035}"
EndProject
Project("{FAE04EC0-301F-11D3-BF4B-00C04F79EFBC}") = "ReleaseNotesCompiler.Tests", "Tests\ReleaseNotesCompiler.Tests.csproj", "{FAD045A3-CF63-48CA-BA49-8F4D79E3EF4F}"
EndProject
Project("{FAE04EC0-301F-11D3-BF4B-00C04F79EFBC}") = "ReleaseNotesCompiler.CLI", "App\ReleaseNotesCompiler.CLI.csproj", "{F1163F09-3D4E-4F95-AF46-24C15AB297FB}"
EndProject
Project("{2150E333-8FDC-42A3-9474-1A3956D46DE8}") = ".nuget", ".nuget", "{69196B89-C58C-4705-AF1C-AE6B1042D01D}"
	ProjectSection(SolutionItems) = preProject
		.nuget\packages.config = .nuget\packages.config
	EndProjectSection
EndProject
Project("{2150E333-8FDC-42A3-9474-1A3956D46DE8}") = "NuSpecs", "NuSpecs", "{87E2E61F-5F5D-45F1-8C4A-98E0BF8CA01D}"
	ProjectSection(SolutionItems) = preProject
		..\packaging\nuget\releasenotescompiler.cli.nuspec = ..\packaging\nuget\releasenotescompiler.cli.nuspec
	EndProjectSection
EndProject
Project("{2150E333-8FDC-42A3-9474-1A3956D46DE8}") = "BuildScripts", "BuildScripts", "{2C8F25C5-0009-409B-8935-37BF6A5ED656}"
	ProjectSection(SolutionItems) = preProject
		..\BuildScripts\CodeAnalysis.props = ..\BuildScripts\CodeAnalysis.props
		..\BuildScripts\CodeAnalysisReport.xsl = ..\BuildScripts\CodeAnalysisReport.xsl
		..\BuildScripts\StyleCop.props = ..\BuildScripts\StyleCop.props
		..\BuildScripts\StyleCopReport.xsl = ..\BuildScripts\StyleCopReport.xsl
	EndProjectSection
EndProject
Global
	GlobalSection(SolutionConfigurationPlatforms) = preSolution
		Debug|Any CPU = Debug|Any CPU
		Release|Any CPU = Release|Any CPU
	EndGlobalSection
	GlobalSection(ProjectConfigurationPlatforms) = postSolution
		{B02A026E-CA3A-48F4-BBA9-EB337B0A2035}.Debug|Any CPU.ActiveCfg = Debug|Any CPU
		{B02A026E-CA3A-48F4-BBA9-EB337B0A2035}.Debug|Any CPU.Build.0 = Debug|Any CPU
		{B02A026E-CA3A-48F4-BBA9-EB337B0A2035}.Release|Any CPU.ActiveCfg = Release|Any CPU
		{B02A026E-CA3A-48F4-BBA9-EB337B0A2035}.Release|Any CPU.Build.0 = Release|Any CPU
		{FAD045A3-CF63-48CA-BA49-8F4D79E3EF4F}.Debug|Any CPU.ActiveCfg = Debug|Any CPU
		{FAD045A3-CF63-48CA-BA49-8F4D79E3EF4F}.Debug|Any CPU.Build.0 = Debug|Any CPU
		{FAD045A3-CF63-48CA-BA49-8F4D79E3EF4F}.Release|Any CPU.ActiveCfg = Release|Any CPU
		{FAD045A3-CF63-48CA-BA49-8F4D79E3EF4F}.Release|Any CPU.Build.0 = Release|Any CPU
		{F1163F09-3D4E-4F95-AF46-24C15AB297FB}.Debug|Any CPU.ActiveCfg = Debug|Any CPU
		{F1163F09-3D4E-4F95-AF46-24C15AB297FB}.Debug|Any CPU.Build.0 = Debug|Any CPU
		{F1163F09-3D4E-4F95-AF46-24C15AB297FB}.Release|Any CPU.ActiveCfg = Release|Any CPU
		{F1163F09-3D4E-4F95-AF46-24C15AB297FB}.Release|Any CPU.Build.0 = Release|Any CPU
	EndGlobalSection
	GlobalSection(SolutionProperties) = preSolution
		HideSolutionNode = FALSE
	EndGlobalSection
EndGlobal
