
Microsoft Visual Studio Solution File, Format Version 12.00
# Visual Studio 14
VisualStudioVersion = 14.0.25123.0
MinimumVisualStudioVersion = 10.0.40219.1
Project("{2150E333-8FDC-42A3-9474-1A3956D46DE8}") = "NuSpecs", "NuSpecs", "{87E2E61F-5F5D-45F1-8C4A-98E0BF8CA01D}"
	ProjectSection(SolutionItems) = preProject
		..\Packaging\nuget\chocolateyInstall.ps1 = ..\Packaging\nuget\chocolateyInstall.ps1
		..\Packaging\nuget\chocolateyUninstall.ps1 = ..\Packaging\nuget\chocolateyUninstall.ps1
		..\Packaging\nuget\GitReleaseManager.nuspec = ..\Packaging\nuget\GitReleaseManager.nuspec
		..\Packaging\nuget\GitReleaseManager.Portable.nuspec = ..\Packaging\nuget\GitReleaseManager.Portable.nuspec
	EndProjectSection
EndProject
Project("{2150E333-8FDC-42A3-9474-1A3956D46DE8}") = "AppVeyor", "AppVeyor", "{EF94B2A3-E548-43B3-8A63-C7B28B5779D4}"
	ProjectSection(SolutionItems) = preProject
		..\appveyor.yml = ..\appveyor.yml
	EndProjectSection
EndProject
Project("{FAE04EC0-301F-11D3-BF4B-00C04F79EFBC}") = "GitReleaseManager.Tests", "GitReleaseManager.Tests\GitReleaseManager.Tests.csproj", "{FAD045A3-CF63-48CA-BA49-8F4D79E3EF4F}"
EndProject
Project("{FAE04EC0-301F-11D3-BF4B-00C04F79EFBC}") = "GitReleaseManager.Cli", "GitReleaseManager.Cli\GitReleaseManager.Cli.csproj", "{F1163F09-3D4E-4F95-AF46-24C15AB297FB}"
EndProject
Project("{FAE04EC0-301F-11D3-BF4B-00C04F79EFBC}") = "GitReleaseManager.Core", "GitReleaseManager\GitReleaseManager.Core.csproj", "{B02A026E-CA3A-48F4-BBA9-EB337B0A2035}"
EndProject
Project("{2150E333-8FDC-42A3-9474-1A3956D46DE8}") = ".nuget", ".nuget", "{38C8B147-E382-4176-95D4-42B83E560A1A}"
	ProjectSection(SolutionItems) = preProject
		.nuget\packages.config = .nuget\packages.config
	EndProjectSection
EndProject
Global
	GlobalSection(SolutionConfigurationPlatforms) = preSolution
		Debug|Any CPU = Debug|Any CPU
		Release|Any CPU = Release|Any CPU
	EndGlobalSection
	GlobalSection(ProjectConfigurationPlatforms) = postSolution
		{FAD045A3-CF63-48CA-BA49-8F4D79E3EF4F}.Debug|Any CPU.ActiveCfg = Debug|Any CPU
		{FAD045A3-CF63-48CA-BA49-8F4D79E3EF4F}.Debug|Any CPU.Build.0 = Debug|Any CPU
		{FAD045A3-CF63-48CA-BA49-8F4D79E3EF4F}.Release|Any CPU.ActiveCfg = Release|Any CPU
		{FAD045A3-CF63-48CA-BA49-8F4D79E3EF4F}.Release|Any CPU.Build.0 = Release|Any CPU
		{F1163F09-3D4E-4F95-AF46-24C15AB297FB}.Debug|Any CPU.ActiveCfg = Debug|Any CPU
		{F1163F09-3D4E-4F95-AF46-24C15AB297FB}.Debug|Any CPU.Build.0 = Debug|Any CPU
		{F1163F09-3D4E-4F95-AF46-24C15AB297FB}.Release|Any CPU.ActiveCfg = Release|Any CPU
		{F1163F09-3D4E-4F95-AF46-24C15AB297FB}.Release|Any CPU.Build.0 = Release|Any CPU
		{B02A026E-CA3A-48F4-BBA9-EB337B0A2035}.Debug|Any CPU.ActiveCfg = Debug|Any CPU
		{B02A026E-CA3A-48F4-BBA9-EB337B0A2035}.Debug|Any CPU.Build.0 = Debug|Any CPU
		{B02A026E-CA3A-48F4-BBA9-EB337B0A2035}.Release|Any CPU.ActiveCfg = Release|Any CPU
		{B02A026E-CA3A-48F4-BBA9-EB337B0A2035}.Release|Any CPU.Build.0 = Release|Any CPU
	EndGlobalSection
	GlobalSection(SolutionProperties) = preSolution
		HideSolutionNode = FALSE
	EndGlobalSection
	GlobalSection(NestedProjects) = preSolution
		{EF94B2A3-E548-43B3-8A63-C7B28B5779D4} = {38C8B147-E382-4176-95D4-42B83E560A1A}
	EndGlobalSection
EndGlobal
