Microsoft Visual Studio Solution File, Format Version 12.00
# Visual Studio Version 16
VisualStudioVersion = 16.0.29519.181
MinimumVisualStudioVersion = 10.0.40219.1
Project("{2150E333-8FDC-42A3-9474-1A3956D46DE8}") = "NuSpecs", "NuSpecs", "{87E2E61F-5F5D-45F1-8C4A-98E0BF8CA01D}"
EndProject
Project("{9A19103F-16F7-4668-BE54-9A1E7A4F7556}") = "GitReleaseManager.Tests", "GitReleaseManager.Tests\GitReleaseManager.Tests.csproj", "{FAD045A3-CF63-48CA-BA49-8F4D79E3EF4F}"
EndProject
Project("{9A19103F-16F7-4668-BE54-9A1E7A4F7556}") = "GitReleaseManager.Cli", "GitReleaseManager.Cli\GitReleaseManager.Cli.csproj", "{F1163F09-3D4E-4F95-AF46-24C15AB297FB}"
EndProject
Project("{9A19103F-16F7-4668-BE54-9A1E7A4F7556}") = "GitReleaseManager.Core", "GitReleaseManager\GitReleaseManager.Core.csproj", "{B02A026E-CA3A-48F4-BBA9-EB337B0A2035}"
EndProject
Project("{9A19103F-16F7-4668-BE54-9A1E7A4F7556}") = "GitReleaseManager.Tool", "GitReleaseManager.Cli\GitReleaseManager.Tool.csproj", "{56F96DA7-E286-46C7-88DB-068F4BE96538}"
EndProject
Project("{2150E333-8FDC-42A3-9474-1A3956D46DE8}") = "Solution Items", "Solution Items", "{C87778A7-B100-4D05-A050-BA37BD59058C}"
	ProjectSection(SolutionItems) = preProject
		Directory.Build.props = Directory.Build.props
	EndProjectSection
EndProject
Project("{9A19103F-16F7-4668-BE54-9A1E7A4F7556}") = "GitReleaseManager.IntegrationTests", "GitReleaseManager.IntegrationTests\GitReleaseManager.IntegrationTests.csproj", "{53D8DA02-2BF8-454A-997C-B6BE62F90F9E}"
EndProject
Project("{2150E333-8FDC-42A3-9474-1A3956D46DE8}") = "NuGet", "NuGet", "{29340E98-B35A-4738-9784-580D48C6AD3D}"
	ProjectSection(SolutionItems) = preProject
		..\nuspec\nuget\GitReleaseManager.nuspec = ..\nuspec\nuget\GitReleaseManager.nuspec
	EndProjectSection
EndProject
Project("{2150E333-8FDC-42A3-9474-1A3956D46DE8}") = "Chocolatey", "Chocolatey", "{2EB7AC4C-8600-4F99-9029-E9F36B83D1C2}"
	ProjectSection(SolutionItems) = preProject
		..\nuspec\chocolatey\chocolateyInstall.ps1 = ..\nuspec\chocolatey\chocolateyInstall.ps1
		..\nuspec\chocolatey\chocolateyUninstall.ps1 = ..\nuspec\chocolatey\chocolateyUninstall.ps1
		..\nuspec\chocolatey\GitReleaseManager.Portable.nuspec = ..\nuspec\chocolatey\GitReleaseManager.Portable.nuspec
		..\nuspec\chocolatey\LICENSE.TXT = ..\nuspec\chocolatey\LICENSE.TXT
		..\nuspec\chocolatey\VERIFICATION.TXT = ..\nuspec\chocolatey\VERIFICATION.TXT
	EndProjectSection
EndProject
Global
	GlobalSection(SolutionConfigurationPlatforms) = preSolution
		Debug|Any CPU = Debug|Any CPU
		Release|Any CPU = Release|Any CPU
	EndGlobalSection
	GlobalSection(ProjectConfigurationPlatforms) = postSolution
		{FAD045A3-CF63-48CA-BA49-8F4D79E3EF4F}.Debug|Any CPU.ActiveCfg = Debug|Any CPU
		{FAD045A3-CF63-48CA-BA49-8F4D79E3EF4F}.Debug|Any CPU.Build.0 = Debug|Any CPU
		{FAD045A3-CF63-48CA-BA49-8F4D79E3EF4F}.Release|Any CPU.ActiveCfg = Release|Any CPU
		{FAD045A3-CF63-48CA-BA49-8F4D79E3EF4F}.Release|Any CPU.Build.0 = Release|Any CPU
		{F1163F09-3D4E-4F95-AF46-24C15AB297FB}.Debug|Any CPU.ActiveCfg = Debug|Any CPU
		{F1163F09-3D4E-4F95-AF46-24C15AB297FB}.Debug|Any CPU.Build.0 = Debug|Any CPU
		{F1163F09-3D4E-4F95-AF46-24C15AB297FB}.Release|Any CPU.ActiveCfg = Release|Any CPU
		{F1163F09-3D4E-4F95-AF46-24C15AB297FB}.Release|Any CPU.Build.0 = Release|Any CPU
		{B02A026E-CA3A-48F4-BBA9-EB337B0A2035}.Debug|Any CPU.ActiveCfg = Debug|Any CPU
		{B02A026E-CA3A-48F4-BBA9-EB337B0A2035}.Debug|Any CPU.Build.0 = Debug|Any CPU
		{B02A026E-CA3A-48F4-BBA9-EB337B0A2035}.Release|Any CPU.ActiveCfg = Release|Any CPU
		{B02A026E-CA3A-48F4-BBA9-EB337B0A2035}.Release|Any CPU.Build.0 = Release|Any CPU
		{56F96DA7-E286-46C7-88DB-068F4BE96538}.Debug|Any CPU.ActiveCfg = Debug|Any CPU
		{56F96DA7-E286-46C7-88DB-068F4BE96538}.Debug|Any CPU.Build.0 = Debug|Any CPU
		{56F96DA7-E286-46C7-88DB-068F4BE96538}.Release|Any CPU.ActiveCfg = Release|Any CPU
		{56F96DA7-E286-46C7-88DB-068F4BE96538}.Release|Any CPU.Build.0 = Release|Any CPU
		{53D8DA02-2BF8-454A-997C-B6BE62F90F9E}.Debug|Any CPU.ActiveCfg = Debug|Any CPU
		{53D8DA02-2BF8-454A-997C-B6BE62F90F9E}.Debug|Any CPU.Build.0 = Debug|Any CPU
		{53D8DA02-2BF8-454A-997C-B6BE62F90F9E}.Release|Any CPU.ActiveCfg = Release|Any CPU
		{53D8DA02-2BF8-454A-997C-B6BE62F90F9E}.Release|Any CPU.Build.0 = Release|Any CPU
	EndGlobalSection
	GlobalSection(SolutionProperties) = preSolution
		HideSolutionNode = FALSE
	EndGlobalSection
	GlobalSection(NestedProjects) = preSolution
		{29340E98-B35A-4738-9784-580D48C6AD3D} = {87E2E61F-5F5D-45F1-8C4A-98E0BF8CA01D}
		{2EB7AC4C-8600-4F99-9029-E9F36B83D1C2} = {87E2E61F-5F5D-45F1-8C4A-98E0BF8CA01D}
	EndGlobalSection
	GlobalSection(ExtensibilityGlobals) = postSolution
		SolutionGuid = {DBDED135-9696-4CB2-9D4D-EACFF30B4A99}
	EndGlobalSection
EndGlobal
